
Microsoft Visual Studio Solution File, Format Version 11.00
# Visual Studio 2010
Project("{FAE04EC0-301F-11D3-BF4B-00C04F79EFBC}") = "AdBuddiz.Xamarin.iOS", "AdBuddiz.Xamarin\AdBuddiz.Xamarin.iOS.csproj", "{EE66392A-26A0-4636-AAA3-E33DF1997CBC}"
EndProject
Project("{FAE04EC0-301F-11D3-BF4B-00C04F79EFBC}") = "IosSample", "IosSample\IosSample.csproj", "{98F2EBD4-189C-46C9-8574-8E85642E9967}"
EndProject
Global
	GlobalSection(SolutionConfigurationPlatforms) = preSolution
		Debug|Any CPU = Debug|Any CPU
		Release|Any CPU = Release|Any CPU
		Debug|iPhoneSimulator = Debug|iPhoneSimulator
		Release|iPhoneSimulator = Release|iPhoneSimulator
		Debug|iPhone = Debug|iPhone
		Release|iPhone = Release|iPhone
		Ad-Hoc|iPhone = Ad-Hoc|iPhone
		AppStore|iPhone = AppStore|iPhone
	EndGlobalSection
	GlobalSection(ProjectConfigurationPlatforms) = postSolution
		{98F2EBD4-189C-46C9-8574-8E85642E9967}.Ad-Hoc|iPhone.ActiveCfg = Ad-Hoc|iPhone
		{98F2EBD4-189C-46C9-8574-8E85642E9967}.Ad-Hoc|iPhone.Build.0 = Ad-Hoc|iPhone
		{98F2EBD4-189C-46C9-8574-8E85642E9967}.AppStore|iPhone.ActiveCfg = AppStore|iPhone
		{98F2EBD4-189C-46C9-8574-8E85642E9967}.AppStore|iPhone.Build.0 = AppStore|iPhone
		{98F2EBD4-189C-46C9-8574-8E85642E9967}.Debug|Any CPU.ActiveCfg = Debug|iPhoneSimulator
		{98F2EBD4-189C-46C9-8574-8E85642E9967}.Debug|Any CPU.Build.0 = Debug|iPhoneSimulator
		{98F2EBD4-189C-46C9-8574-8E85642E9967}.Debug|iPhone.ActiveCfg = Debug|iPhone
		{98F2EBD4-189C-46C9-8574-8E85642E9967}.Debug|iPhone.Build.0 = Debug|iPhone
		{98F2EBD4-189C-46C9-8574-8E85642E9967}.Debug|iPhoneSimulator.ActiveCfg = Debug|iPhoneSimulator
		{98F2EBD4-189C-46C9-8574-8E85642E9967}.Debug|iPhoneSimulator.Build.0 = Debug|iPhoneSimulator
		{98F2EBD4-189C-46C9-8574-8E85642E9967}.Release|Any CPU.ActiveCfg = Release|iPhoneSimulator
		{98F2EBD4-189C-46C9-8574-8E85642E9967}.Release|Any CPU.Build.0 = Release|iPhoneSimulator
		{98F2EBD4-189C-46C9-8574-8E85642E9967}.Release|iPhone.ActiveCfg = Release|iPhone
		{98F2EBD4-189C-46C9-8574-8E85642E9967}.Release|iPhone.Build.0 = Release|iPhone
		{98F2EBD4-189C-46C9-8574-8E85642E9967}.Release|iPhoneSimulator.ActiveCfg = Release|iPhoneSimulator
		{98F2EBD4-189C-46C9-8574-8E85642E9967}.Release|iPhoneSimulator.Build.0 = Release|iPhoneSimulator
		{EE66392A-26A0-4636-AAA3-E33DF1997CBC}.Ad-Hoc|iPhone.ActiveCfg = Debug|Any CPU
		{EE66392A-26A0-4636-AAA3-E33DF1997CBC}.Ad-Hoc|iPhone.Build.0 = Debug|Any CPU
		{EE66392A-26A0-4636-AAA3-E33DF1997CBC}.AppStore|iPhone.ActiveCfg = Debug|Any CPU
		{EE66392A-26A0-4636-AAA3-E33DF1997CBC}.AppStore|iPhone.Build.0 = Debug|Any CPU
		{EE66392A-26A0-4636-AAA3-E33DF1997CBC}.Debug|Any CPU.ActiveCfg = Debug|Any CPU
		{EE66392A-26A0-4636-AAA3-E33DF1997CBC}.Debug|Any CPU.Build.0 = Debug|Any CPU
		{EE66392A-26A0-4636-AAA3-E33DF1997CBC}.Debug|iPhone.ActiveCfg = Debug|Any CPU
		{EE66392A-26A0-4636-AAA3-E33DF1997CBC}.Debug|iPhone.Build.0 = Debug|Any CPU
		{EE66392A-26A0-4636-AAA3-E33DF1997CBC}.Debug|iPhoneSimulator.ActiveCfg = Debug|Any CPU
		{EE66392A-26A0-4636-AAA3-E33DF1997CBC}.Debug|iPhoneSimulator.Build.0 = Debug|Any CPU
		{EE66392A-26A0-4636-AAA3-E33DF1997CBC}.Release|Any CPU.ActiveCfg = Release|Any CPU
		{EE66392A-26A0-4636-AAA3-E33DF1997CBC}.Release|Any CPU.Build.0 = Release|Any CPU
		{EE66392A-26A0-4636-AAA3-E33DF1997CBC}.Release|iPhone.ActiveCfg = Release|Any CPU
		{EE66392A-26A0-4636-AAA3-E33DF1997CBC}.Release|iPhone.Build.0 = Release|Any CPU
		{EE66392A-26A0-4636-AAA3-E33DF1997CBC}.Release|iPhoneSimulator.ActiveCfg = Release|Any CPU
		{EE66392A-26A0-4636-AAA3-E33DF1997CBC}.Release|iPhoneSimulator.Build.0 = Release|Any CPU
	EndGlobalSection
	GlobalSection(MonoDevelopProperties) = preSolution
		StartupItem = IosSample\IosSample.csproj
		Policies = $0
		$0.TextStylePolicy = $1
		$1.FileWidth = 120
		$1.EolMarker = Windows
		$1.inheritsSet = VisualStudio
		$1.inheritsScope = text/plain
		$1.scope = text/plain
	EndGlobalSection
EndGlobal
